// !$*UTF8*$!
{
	archiveVersion = 1;
	classes = {
	};
	objectVersion = 50;
	objects = {

/* Begin PBXBuildFile section */
		A559BB7E212B6D100055E107 /* String+Extension.swift in Sources */ = {isa = PBXBuildFile; fileRef = A559BB7D212B6D100055E107 /* String+Extension.swift */; };
		A559BB7F212B6FA40055E107 /* Localizable.strings in Resources */ = {isa = PBXBuildFile; fileRef = A559BB81212B6FA40055E107 /* Localizable.strings */; };
		A559BB83212B7D870055E107 /* OfficeUIFabric.swift in Sources */ = {isa = PBXBuildFile; fileRef = A559BB82212B7D870055E107 /* OfficeUIFabric.swift */; };
		A589F854211BA03200471C23 /* MSLabel.swift in Sources */ = {isa = PBXBuildFile; fileRef = A589F853211BA03200471C23 /* MSLabel.swift */; };
		A5B87AEF211BCA710038C37C /* UIFontDescriptor+Extension.swift in Sources */ = {isa = PBXBuildFile; fileRef = A5B87AEE211BCA710038C37C /* UIFontDescriptor+Extension.swift */; };
		A5B87AF1211BD4380038C37C /* UIFont+Extension.swift in Sources */ = {isa = PBXBuildFile; fileRef = A5B87AF0211BD4380038C37C /* UIFont+Extension.swift */; };
		A5B87AF6211E16370038C37C /* MSDrawerController.swift in Sources */ = {isa = PBXBuildFile; fileRef = A5B87AF3211E16360038C37C /* MSDrawerController.swift */; };
		A5B87AF7211E16370038C37C /* MSDrawerTransitionAnimator.swift in Sources */ = {isa = PBXBuildFile; fileRef = A5B87AF4211E16360038C37C /* MSDrawerTransitionAnimator.swift */; };
		A5B87AF8211E16370038C37C /* MSDrawerPresentationController.swift in Sources */ = {isa = PBXBuildFile; fileRef = A5B87AF5211E16360038C37C /* MSDrawerPresentationController.swift */; };
		A5B87B00211E1B700038C37C /* UIDevice+Extension.swift in Sources */ = {isa = PBXBuildFile; fileRef = A5B87AFF211E1B700038C37C /* UIDevice+Extension.swift */; };
		A5B87B02211E20B50038C37C /* UIScreen+Extension.swift in Sources */ = {isa = PBXBuildFile; fileRef = A5B87B01211E20B50038C37C /* UIScreen+Extension.swift */; };
		A5B87B04211E22B70038C37C /* MSDimmingView.swift in Sources */ = {isa = PBXBuildFile; fileRef = A5B87B03211E22B70038C37C /* MSDimmingView.swift */; };
		A5B87B06211E23650038C37C /* UIView+Extensions.swift in Sources */ = {isa = PBXBuildFile; fileRef = A5B87B05211E23650038C37C /* UIView+Extensions.swift */; };
		A5CEC15B20D980B30016922A /* OfficeUIFabric.framework in Frameworks */ = {isa = PBXBuildFile; fileRef = A5CEC15120D980B20016922A /* OfficeUIFabric.framework */; };
		A5CEC16020D980B30016922A /* OfficeUIFabricTests.swift in Sources */ = {isa = PBXBuildFile; fileRef = A5CEC15F20D980B30016922A /* OfficeUIFabricTests.swift */; };
		A5CEC16220D980B30016922A /* OfficeUIFabric.h in Headers */ = {isa = PBXBuildFile; fileRef = A5CEC15420D980B20016922A /* OfficeUIFabric.h */; settings = {ATTRIBUTES = (Public, ); }; };
		A5CEC16D20D98EE70016922A /* Colors.swift in Sources */ = {isa = PBXBuildFile; fileRef = A5CEC16C20D98EE70016922A /* Colors.swift */; };
		A5CEC16F20D98F340016922A /* Fonts.swift in Sources */ = {isa = PBXBuildFile; fileRef = A5CEC16E20D98F340016922A /* Fonts.swift */; };
		A5CEC17220D9963D0016922A /* Assets.xcassets in Resources */ = {isa = PBXBuildFile; fileRef = A5CEC17120D9963D0016922A /* Assets.xcassets */; };
		A5CEC23120E451D00016922A /* MSButton.swift in Sources */ = {isa = PBXBuildFile; fileRef = A5CEC23020E451D00016922A /* MSButton.swift */; };
		A5CEC25620E6A0CD0016922A /* MSButtonTests.swift in Sources */ = {isa = PBXBuildFile; fileRef = A5CEC25520E6A0CD0016922A /* MSButtonTests.swift */; };
		A5DCA76421224026005F4CB7 /* MSSeparator.swift in Sources */ = {isa = PBXBuildFile; fileRef = A5DCA76321224026005F4CB7 /* MSSeparator.swift */; };
		B426613E214731D100E25423 /* MSInitialsView.swift in Sources */ = {isa = PBXBuildFile; fileRef = B426613D214731D100E25423 /* MSInitialsView.swift */; };
		B4266140214852B400E25423 /* NSString+Extension.swift in Sources */ = {isa = PBXBuildFile; fileRef = B426613F214852B400E25423 /* NSString+Extension.swift */; };
		B42661422148568800E25423 /* MSAvatarView.swift in Sources */ = {isa = PBXBuildFile; fileRef = B42661412148568800E25423 /* MSAvatarView.swift */; };
		B46D3F91215056940029772C /* CharacterSet+Extension.swift in Sources */ = {isa = PBXBuildFile; fileRef = B46D3F90215056940029772C /* CharacterSet+Extension.swift */; };
		B46D3F932151D95F0029772C /* MSPersonaCell.swift in Sources */ = {isa = PBXBuildFile; fileRef = B46D3F922151D95F0029772C /* MSPersonaCell.swift */; };
		B46D3F9D215985AC0029772C /* MSPersonaListView.swift in Sources */ = {isa = PBXBuildFile; fileRef = B46D3F9C215985AC0029772C /* MSPersonaListView.swift */; };
		B4EF53C3215AF1AB00573E8F /* MSPersona.swift in Sources */ = {isa = PBXBuildFile; fileRef = B4EF53C2215AF1AB00573E8F /* MSPersona.swift */; };
/* End PBXBuildFile section */

/* Begin PBXContainerItemProxy section */
		A5CEC15C20D980B30016922A /* PBXContainerItemProxy */ = {
			isa = PBXContainerItemProxy;
			containerPortal = A5CEC14820D980B20016922A /* Project object */;
			proxyType = 1;
			remoteGlobalIDString = A5CEC15020D980B20016922A;
			remoteInfo = OfficeUIFabric;
		};
/* End PBXContainerItemProxy section */

/* Begin PBXFileReference section */
		A559BB7D212B6D100055E107 /* String+Extension.swift */ = {isa = PBXFileReference; lastKnownFileType = sourcecode.swift; path = "String+Extension.swift"; sourceTree = "<group>"; };
		A559BB80212B6FA40055E107 /* en */ = {isa = PBXFileReference; lastKnownFileType = text.plist.strings; name = en; path = en.lproj/Localizable.strings; sourceTree = "<group>"; };
		A559BB82212B7D870055E107 /* OfficeUIFabric.swift */ = {isa = PBXFileReference; lastKnownFileType = sourcecode.swift; path = OfficeUIFabric.swift; sourceTree = "<group>"; };
		A589F853211BA03200471C23 /* MSLabel.swift */ = {isa = PBXFileReference; lastKnownFileType = sourcecode.swift; path = MSLabel.swift; sourceTree = "<group>"; };
		A5B87AEE211BCA710038C37C /* UIFontDescriptor+Extension.swift */ = {isa = PBXFileReference; lastKnownFileType = sourcecode.swift; path = "UIFontDescriptor+Extension.swift"; sourceTree = "<group>"; };
		A5B87AF0211BD4380038C37C /* UIFont+Extension.swift */ = {isa = PBXFileReference; lastKnownFileType = sourcecode.swift; path = "UIFont+Extension.swift"; sourceTree = "<group>"; };
		A5B87AF3211E16360038C37C /* MSDrawerController.swift */ = {isa = PBXFileReference; fileEncoding = 4; lastKnownFileType = sourcecode.swift; path = MSDrawerController.swift; sourceTree = "<group>"; };
		A5B87AF4211E16360038C37C /* MSDrawerTransitionAnimator.swift */ = {isa = PBXFileReference; fileEncoding = 4; lastKnownFileType = sourcecode.swift; path = MSDrawerTransitionAnimator.swift; sourceTree = "<group>"; };
		A5B87AF5211E16360038C37C /* MSDrawerPresentationController.swift */ = {isa = PBXFileReference; fileEncoding = 4; lastKnownFileType = sourcecode.swift; path = MSDrawerPresentationController.swift; sourceTree = "<group>"; };
		A5B87AFF211E1B700038C37C /* UIDevice+Extension.swift */ = {isa = PBXFileReference; lastKnownFileType = sourcecode.swift; path = "UIDevice+Extension.swift"; sourceTree = "<group>"; };
		A5B87B01211E20B50038C37C /* UIScreen+Extension.swift */ = {isa = PBXFileReference; lastKnownFileType = sourcecode.swift; path = "UIScreen+Extension.swift"; sourceTree = "<group>"; };
		A5B87B03211E22B70038C37C /* MSDimmingView.swift */ = {isa = PBXFileReference; lastKnownFileType = sourcecode.swift; path = MSDimmingView.swift; sourceTree = "<group>"; };
		A5B87B05211E23650038C37C /* UIView+Extensions.swift */ = {isa = PBXFileReference; lastKnownFileType = sourcecode.swift; path = "UIView+Extensions.swift"; sourceTree = "<group>"; };
		A5CEC15120D980B20016922A /* OfficeUIFabric.framework */ = {isa = PBXFileReference; explicitFileType = wrapper.framework; includeInIndex = 0; path = OfficeUIFabric.framework; sourceTree = BUILT_PRODUCTS_DIR; };
		A5CEC15420D980B20016922A /* OfficeUIFabric.h */ = {isa = PBXFileReference; lastKnownFileType = sourcecode.c.h; path = OfficeUIFabric.h; sourceTree = "<group>"; };
		A5CEC15520D980B20016922A /* Info.plist */ = {isa = PBXFileReference; lastKnownFileType = text.plist.xml; path = Info.plist; sourceTree = "<group>"; };
		A5CEC15A20D980B30016922A /* OfficeUIFabricTests.xctest */ = {isa = PBXFileReference; explicitFileType = wrapper.cfbundle; includeInIndex = 0; path = OfficeUIFabricTests.xctest; sourceTree = BUILT_PRODUCTS_DIR; };
		A5CEC15F20D980B30016922A /* OfficeUIFabricTests.swift */ = {isa = PBXFileReference; lastKnownFileType = sourcecode.swift; path = OfficeUIFabricTests.swift; sourceTree = "<group>"; };
		A5CEC16120D980B30016922A /* Info.plist */ = {isa = PBXFileReference; lastKnownFileType = text.plist.xml; path = Info.plist; sourceTree = "<group>"; };
		A5CEC16C20D98EE70016922A /* Colors.swift */ = {isa = PBXFileReference; lastKnownFileType = sourcecode.swift; path = Colors.swift; sourceTree = "<group>"; };
		A5CEC16E20D98F340016922A /* Fonts.swift */ = {isa = PBXFileReference; lastKnownFileType = sourcecode.swift; path = Fonts.swift; sourceTree = "<group>"; };
		A5CEC17120D9963D0016922A /* Assets.xcassets */ = {isa = PBXFileReference; lastKnownFileType = folder.assetcatalog; path = Assets.xcassets; sourceTree = "<group>"; };
		A5CEC23020E451D00016922A /* MSButton.swift */ = {isa = PBXFileReference; lastKnownFileType = sourcecode.swift; path = MSButton.swift; sourceTree = "<group>"; };
		A5CEC25520E6A0CD0016922A /* MSButtonTests.swift */ = {isa = PBXFileReference; lastKnownFileType = sourcecode.swift; path = MSButtonTests.swift; sourceTree = "<group>"; };
		A5DCA76321224026005F4CB7 /* MSSeparator.swift */ = {isa = PBXFileReference; lastKnownFileType = sourcecode.swift; path = MSSeparator.swift; sourceTree = "<group>"; };
		B426613D214731D100E25423 /* MSInitialsView.swift */ = {isa = PBXFileReference; lastKnownFileType = sourcecode.swift; path = MSInitialsView.swift; sourceTree = "<group>"; };
		B426613F214852B400E25423 /* NSString+Extension.swift */ = {isa = PBXFileReference; lastKnownFileType = sourcecode.swift; path = "NSString+Extension.swift"; sourceTree = "<group>"; };
		B42661412148568800E25423 /* MSAvatarView.swift */ = {isa = PBXFileReference; lastKnownFileType = sourcecode.swift; path = MSAvatarView.swift; sourceTree = "<group>"; };
		B46D3F90215056940029772C /* CharacterSet+Extension.swift */ = {isa = PBXFileReference; lastKnownFileType = sourcecode.swift; path = "CharacterSet+Extension.swift"; sourceTree = "<group>"; };
		B46D3F922151D95F0029772C /* MSPersonaCell.swift */ = {isa = PBXFileReference; lastKnownFileType = sourcecode.swift; path = MSPersonaCell.swift; sourceTree = "<group>"; };
		B46D3F9C215985AC0029772C /* MSPersonaListView.swift */ = {isa = PBXFileReference; lastKnownFileType = sourcecode.swift; path = MSPersonaListView.swift; sourceTree = "<group>"; };
		B4EF53C2215AF1AB00573E8F /* MSPersona.swift */ = {isa = PBXFileReference; lastKnownFileType = sourcecode.swift; path = MSPersona.swift; sourceTree = "<group>"; };
/* End PBXFileReference section */

/* Begin PBXFrameworksBuildPhase section */
		A5CEC14D20D980B20016922A /* Frameworks */ = {
			isa = PBXFrameworksBuildPhase;
			buildActionMask = 2147483647;
			files = (
			);
			runOnlyForDeploymentPostprocessing = 0;
		};
		A5CEC15720D980B30016922A /* Frameworks */ = {
			isa = PBXFrameworksBuildPhase;
			buildActionMask = 2147483647;
			files = (
				A5CEC15B20D980B30016922A /* OfficeUIFabric.framework in Frameworks */,
			);
			runOnlyForDeploymentPostprocessing = 0;
		};
/* End PBXFrameworksBuildPhase section */

/* Begin PBXGroup section */
		A5B87AED211BCA4A0038C37C /* Extensions */ = {
			isa = PBXGroup;
			children = (
				B46D3F90215056940029772C /* CharacterSet+Extension.swift */,
				B426613F214852B400E25423 /* NSString+Extension.swift */,
				A559BB7D212B6D100055E107 /* String+Extension.swift */,
				A5B87AFF211E1B700038C37C /* UIDevice+Extension.swift */,
				A5B87AF0211BD4380038C37C /* UIFont+Extension.swift */,
				A5B87AEE211BCA710038C37C /* UIFontDescriptor+Extension.swift */,
				A5B87B01211E20B50038C37C /* UIScreen+Extension.swift */,
				A5B87B05211E23650038C37C /* UIView+Extensions.swift */,
			);
			path = Extensions;
			sourceTree = "<group>";
		};
		A5B87AF2211E13D00038C37C /* Drawer */ = {
			isa = PBXGroup;
			children = (
				A5B87AF3211E16360038C37C /* MSDrawerController.swift */,
				A5B87AF5211E16360038C37C /* MSDrawerPresentationController.swift */,
				A5B87AF4211E16360038C37C /* MSDrawerTransitionAnimator.swift */,
			);
			path = Drawer;
			sourceTree = "<group>";
		};
		A5CEC14720D980B20016922A = {
			isa = PBXGroup;
			children = (
				A5CEC15320D980B20016922A /* OfficeUIFabric */,
				A5CEC15E20D980B30016922A /* OfficeUIFabric.Tests */,
				A5CEC15220D980B20016922A /* Products */,
			);
			sourceTree = "<group>";
		};
		A5CEC15220D980B20016922A /* Products */ = {
			isa = PBXGroup;
			children = (
				A5CEC15120D980B20016922A /* OfficeUIFabric.framework */,
				A5CEC15A20D980B30016922A /* OfficeUIFabricTests.xctest */,
			);
			name = Products;
			sourceTree = "<group>";
		};
		A5CEC15320D980B20016922A /* OfficeUIFabric */ = {
			isa = PBXGroup;
			children = (
				A5CEC22F20E451990016922A /* Controls */,
				A5CEC16B20D98EBF0016922A /* Core */,
				A5B87AF2211E13D00038C37C /* Drawer */,
				A5B87AED211BCA4A0038C37C /* Extensions */,
				B426613C214731AC00E25423 /* People Picker */,
				A5CEC17020D996120016922A /* Resources */,
				A5CEC25720E6A64E0016922A /* Supporting Files */,
			);
			path = OfficeUIFabric;
			sourceTree = "<group>";
		};
		A5CEC15E20D980B30016922A /* OfficeUIFabric.Tests */ = {
			isa = PBXGroup;
			children = (
				A5CEC25520E6A0CD0016922A /* MSButtonTests.swift */,
				A5CEC15F20D980B30016922A /* OfficeUIFabricTests.swift */,
				A5CEC16120D980B30016922A /* Info.plist */,
			);
			path = OfficeUIFabric.Tests;
			sourceTree = "<group>";
		};
		A5CEC16B20D98EBF0016922A /* Core */ = {
			isa = PBXGroup;
			children = (
				A5CEC16C20D98EE70016922A /* Colors.swift */,
				A5CEC16E20D98F340016922A /* Fonts.swift */,
			);
			path = Core;
			sourceTree = "<group>";
		};
		A5CEC17020D996120016922A /* Resources */ = {
			isa = PBXGroup;
			children = (
				A5CEC17320D997CF0016922A /* Localization */,
				A5CEC17120D9963D0016922A /* Assets.xcassets */,
			);
			path = Resources;
			sourceTree = "<group>";
		};
		A5CEC17320D997CF0016922A /* Localization */ = {
			isa = PBXGroup;
			children = (
				A559BB81212B6FA40055E107 /* Localizable.strings */,
			);
			path = Localization;
			sourceTree = "<group>";
		};
		A5CEC22F20E451990016922A /* Controls */ = {
			isa = PBXGroup;
			children = (
				A5CEC23020E451D00016922A /* MSButton.swift */,
				A5B87B03211E22B70038C37C /* MSDimmingView.swift */,
				A589F853211BA03200471C23 /* MSLabel.swift */,
				A5DCA76321224026005F4CB7 /* MSSeparator.swift */,
			);
			path = Controls;
			sourceTree = "<group>";
		};
		A5CEC25720E6A64E0016922A /* Supporting Files */ = {
			isa = PBXGroup;
			children = (
				A5CEC15520D980B20016922A /* Info.plist */,
				A5CEC15420D980B20016922A /* OfficeUIFabric.h */,
				A559BB82212B7D870055E107 /* OfficeUIFabric.swift */,
			);
			name = "Supporting Files";
			sourceTree = "<group>";
		};
		B426613C214731AC00E25423 /* People Picker */ = {
			isa = PBXGroup;
			children = (
				B42661412148568800E25423 /* MSAvatarView.swift */,
				B426613D214731D100E25423 /* MSInitialsView.swift */,
				B46D3F922151D95F0029772C /* MSPersonaCell.swift */,
				B46D3F9C215985AC0029772C /* MSPersonaListView.swift */,
				B4EF53C2215AF1AB00573E8F /* MSPersona.swift */,
			);
			path = "People Picker";
			sourceTree = "<group>";
		};
/* End PBXGroup section */

/* Begin PBXHeadersBuildPhase section */
		A5CEC14E20D980B20016922A /* Headers */ = {
			isa = PBXHeadersBuildPhase;
			buildActionMask = 2147483647;
			files = (
				A5CEC16220D980B30016922A /* OfficeUIFabric.h in Headers */,
			);
			runOnlyForDeploymentPostprocessing = 0;
		};
/* End PBXHeadersBuildPhase section */

/* Begin PBXNativeTarget section */
		A5CEC15020D980B20016922A /* OfficeUIFabric */ = {
			isa = PBXNativeTarget;
			buildConfigurationList = A5CEC16520D980B30016922A /* Build configuration list for PBXNativeTarget "OfficeUIFabric" */;
			buildPhases = (
				A5CEC14C20D980B20016922A /* Sources */,
				A5CEC14D20D980B20016922A /* Frameworks */,
				A5CEC14E20D980B20016922A /* Headers */,
				A5CEC14F20D980B20016922A /* Resources */,
			);
			buildRules = (
			);
			dependencies = (
			);
			name = OfficeUIFabric;
			productName = OfficeUIFabric;
			productReference = A5CEC15120D980B20016922A /* OfficeUIFabric.framework */;
			productType = "com.apple.product-type.framework";
		};
		A5CEC15920D980B30016922A /* OfficeUIFabricTests */ = {
			isa = PBXNativeTarget;
			buildConfigurationList = A5CEC16820D980B30016922A /* Build configuration list for PBXNativeTarget "OfficeUIFabricTests" */;
			buildPhases = (
				A5CEC15620D980B30016922A /* Sources */,
				A5CEC15720D980B30016922A /* Frameworks */,
				A5CEC15820D980B30016922A /* Resources */,
			);
			buildRules = (
			);
			dependencies = (
				A5CEC15D20D980B30016922A /* PBXTargetDependency */,
			);
			name = OfficeUIFabricTests;
			productName = OfficeUIFabricTests;
			productReference = A5CEC15A20D980B30016922A /* OfficeUIFabricTests.xctest */;
			productType = "com.apple.product-type.bundle.unit-test";
		};
/* End PBXNativeTarget section */

/* Begin PBXProject section */
		A5CEC14820D980B20016922A /* Project object */ = {
			isa = PBXProject;
			attributes = {
				LastSwiftUpdateCheck = 0940;
				LastUpgradeCheck = 0940;
				ORGANIZATIONNAME = "Microsoft Corporation";
				TargetAttributes = {
					A5CEC15020D980B20016922A = {
						CreatedOnToolsVersion = 9.4.1;
						LastSwiftMigration = 0940;
					};
					A5CEC15920D980B30016922A = {
						CreatedOnToolsVersion = 9.4.1;
					};
				};
			};
			buildConfigurationList = A5CEC14B20D980B20016922A /* Build configuration list for PBXProject "OfficeUIFabric" */;
			compatibilityVersion = "Xcode 9.3";
			developmentRegion = en;
			hasScannedForEncodings = 0;
			knownRegions = (
				en,
				Base,
			);
			mainGroup = A5CEC14720D980B20016922A;
			productRefGroup = A5CEC15220D980B20016922A /* Products */;
			projectDirPath = "";
			projectRoot = "";
			targets = (
				A5CEC15020D980B20016922A /* OfficeUIFabric */,
				A5CEC15920D980B30016922A /* OfficeUIFabricTests */,
			);
		};
/* End PBXProject section */

/* Begin PBXResourcesBuildPhase section */
		A5CEC14F20D980B20016922A /* Resources */ = {
			isa = PBXResourcesBuildPhase;
			buildActionMask = 2147483647;
			files = (
				A5CEC17220D9963D0016922A /* Assets.xcassets in Resources */,
				A559BB7F212B6FA40055E107 /* Localizable.strings in Resources */,
			);
			runOnlyForDeploymentPostprocessing = 0;
		};
		A5CEC15820D980B30016922A /* Resources */ = {
			isa = PBXResourcesBuildPhase;
			buildActionMask = 2147483647;
			files = (
			);
			runOnlyForDeploymentPostprocessing = 0;
		};
/* End PBXResourcesBuildPhase section */

/* Begin PBXSourcesBuildPhase section */
		A5CEC14C20D980B20016922A /* Sources */ = {
			isa = PBXSourcesBuildPhase;
			buildActionMask = 2147483647;
			files = (
				B46D3F91215056940029772C /* CharacterSet+Extension.swift in Sources */,
				A559BB83212B7D870055E107 /* OfficeUIFabric.swift in Sources */,
				A5B87B00211E1B700038C37C /* UIDevice+Extension.swift in Sources */,
				A5B87AF1211BD4380038C37C /* UIFont+Extension.swift in Sources */,
				A5B87AF8211E16370038C37C /* MSDrawerPresentationController.swift in Sources */,
				B426613E214731D100E25423 /* MSInitialsView.swift in Sources */,
				A5B87B02211E20B50038C37C /* UIScreen+Extension.swift in Sources */,
				A5B87AEF211BCA710038C37C /* UIFontDescriptor+Extension.swift in Sources */,
				B4EF53C3215AF1AB00573E8F /* MSPersona.swift in Sources */,
				A5B87B06211E23650038C37C /* UIView+Extensions.swift in Sources */,
				B42661422148568800E25423 /* MSAvatarView.swift in Sources */,
				A589F854211BA03200471C23 /* MSLabel.swift in Sources */,
				B4266140214852B400E25423 /* NSString+Extension.swift in Sources */,
				A5B87AF7211E16370038C37C /* MSDrawerTransitionAnimator.swift in Sources */,
				B46D3F932151D95F0029772C /* MSPersonaCell.swift in Sources */,
				A5CEC16F20D98F340016922A /* Fonts.swift in Sources */,
				A5B87B04211E22B70038C37C /* MSDimmingView.swift in Sources */,
				A5CEC23120E451D00016922A /* MSButton.swift in Sources */,
				A5B87AF6211E16370038C37C /* MSDrawerController.swift in Sources */,
				A5CEC16D20D98EE70016922A /* Colors.swift in Sources */,
				A559BB7E212B6D100055E107 /* String+Extension.swift in Sources */,
				B46D3F9D215985AC0029772C /* MSPersonaListView.swift in Sources */,
				A5DCA76421224026005F4CB7 /* MSSeparator.swift in Sources */,
			);
			runOnlyForDeploymentPostprocessing = 0;
		};
		A5CEC15620D980B30016922A /* Sources */ = {
			isa = PBXSourcesBuildPhase;
			buildActionMask = 2147483647;
			files = (
				A5CEC16020D980B30016922A /* OfficeUIFabricTests.swift in Sources */,
				A5CEC25620E6A0CD0016922A /* MSButtonTests.swift in Sources */,
			);
			runOnlyForDeploymentPostprocessing = 0;
		};
/* End PBXSourcesBuildPhase section */

/* Begin PBXTargetDependency section */
		A5CEC15D20D980B30016922A /* PBXTargetDependency */ = {
			isa = PBXTargetDependency;
			target = A5CEC15020D980B20016922A /* OfficeUIFabric */;
			targetProxy = A5CEC15C20D980B30016922A /* PBXContainerItemProxy */;
		};
/* End PBXTargetDependency section */

/* Begin PBXVariantGroup section */
		A559BB81212B6FA40055E107 /* Localizable.strings */ = {
			isa = PBXVariantGroup;
			children = (
				A559BB80212B6FA40055E107 /* en */,
			);
			name = Localizable.strings;
			sourceTree = "<group>";
		};
/* End PBXVariantGroup section */

/* Begin XCBuildConfiguration section */
		A52B637B2138745C009F7ADF /* Dogfood */ = {
			isa = XCBuildConfiguration;
			buildSettings = {
				ALWAYS_SEARCH_USER_PATHS = NO;
				CLANG_ANALYZER_NONNULL = YES;
				CLANG_ANALYZER_NUMBER_OBJECT_CONVERSION = YES_AGGRESSIVE;
				CLANG_CXX_LANGUAGE_STANDARD = "gnu++14";
				CLANG_CXX_LIBRARY = "libc++";
				CLANG_ENABLE_MODULES = YES;
				CLANG_ENABLE_OBJC_ARC = YES;
				CLANG_ENABLE_OBJC_WEAK = YES;
				CLANG_WARN_BLOCK_CAPTURE_AUTORELEASING = YES;
				CLANG_WARN_BOOL_CONVERSION = YES;
				CLANG_WARN_COMMA = YES;
				CLANG_WARN_CONSTANT_CONVERSION = YES;
				CLANG_WARN_DEPRECATED_OBJC_IMPLEMENTATIONS = YES;
				CLANG_WARN_DIRECT_OBJC_ISA_USAGE = YES_ERROR;
				CLANG_WARN_DOCUMENTATION_COMMENTS = YES;
				CLANG_WARN_EMPTY_BODY = YES;
				CLANG_WARN_ENUM_CONVERSION = YES;
				CLANG_WARN_INFINITE_RECURSION = YES;
				CLANG_WARN_INT_CONVERSION = YES;
				CLANG_WARN_NON_LITERAL_NULL_CONVERSION = YES;
				CLANG_WARN_OBJC_IMPLICIT_RETAIN_SELF = YES;
				CLANG_WARN_OBJC_LITERAL_CONVERSION = YES;
				CLANG_WARN_OBJC_ROOT_CLASS = YES_ERROR;
				CLANG_WARN_RANGE_LOOP_ANALYSIS = YES;
				CLANG_WARN_STRICT_PROTOTYPES = YES;
				CLANG_WARN_SUSPICIOUS_MOVE = YES;
				CLANG_WARN_UNGUARDED_AVAILABILITY = YES_AGGRESSIVE;
				CLANG_WARN_UNREACHABLE_CODE = YES;
				CLANG_WARN__DUPLICATE_METHOD_MATCH = YES;
				CODE_SIGN_IDENTITY = "iPhone Developer";
				COPY_PHASE_STRIP = NO;
				CURRENT_PROJECT_VERSION = 1;
				DEBUG_INFORMATION_FORMAT = "dwarf-with-dsym";
				ENABLE_NS_ASSERTIONS = NO;
				ENABLE_STRICT_OBJC_MSGSEND = YES;
				GCC_C_LANGUAGE_STANDARD = gnu11;
				GCC_NO_COMMON_BLOCKS = YES;
				GCC_WARN_64_TO_32_BIT_CONVERSION = YES;
				GCC_WARN_ABOUT_RETURN_TYPE = YES_ERROR;
				GCC_WARN_UNDECLARED_SELECTOR = YES;
				GCC_WARN_UNINITIALIZED_AUTOS = YES_AGGRESSIVE;
				GCC_WARN_UNUSED_FUNCTION = YES;
				GCC_WARN_UNUSED_VARIABLE = YES;
				IPHONEOS_DEPLOYMENT_TARGET = 10.0;
				MTL_ENABLE_DEBUG_INFO = NO;
				SDKROOT = iphoneos;
				SWIFT_COMPILATION_MODE = wholemodule;
				SWIFT_OPTIMIZATION_LEVEL = "-O";
				VALIDATE_PRODUCT = YES;
				VERSIONING_SYSTEM = "apple-generic";
				VERSION_INFO_PREFIX = "";
			};
			name = Dogfood;
		};
		A52B637C2138745C009F7ADF /* Dogfood */ = {
			isa = XCBuildConfiguration;
			buildSettings = {
				CLANG_ENABLE_MODULES = YES;
				CODE_SIGN_IDENTITY = "";
				CODE_SIGN_STYLE = Automatic;
				DEFINES_MODULE = YES;
				DEVELOPMENT_TEAM = UBF8T346G9;
				DYLIB_COMPATIBILITY_VERSION = 1;
				DYLIB_CURRENT_VERSION = 1;
				DYLIB_INSTALL_NAME_BASE = "@rpath";
				INFOPLIST_FILE = OfficeUIFabric/Info.plist;
				INSTALL_PATH = "$(LOCAL_LIBRARY_DIR)/Frameworks";
				LD_RUNPATH_SEARCH_PATHS = (
					"$(inherited)",
					"@executable_path/Frameworks",
					"@loader_path/Frameworks",
				);
				PRODUCT_BUNDLE_IDENTIFIER = com.microsoft.OfficeUIFabric;
				PRODUCT_NAME = "$(TARGET_NAME:c99extidentifier)";
				SKIP_INSTALL = YES;
				SWIFT_VERSION = 4.0;
				TARGETED_DEVICE_FAMILY = "1,2";
			};
			name = Dogfood;
		};
		A52B637D2138745C009F7ADF /* Dogfood */ = {
			isa = XCBuildConfiguration;
			buildSettings = {
				ALWAYS_EMBED_SWIFT_STANDARD_LIBRARIES = YES;
				CODE_SIGN_STYLE = Automatic;
				DEVELOPMENT_TEAM = UBF8T346G9;
				INFOPLIST_FILE = OfficeUIFabric.Tests/Info.plist;
				LD_RUNPATH_SEARCH_PATHS = (
					"$(inherited)",
					"@executable_path/Frameworks",
					"@loader_path/Frameworks",
				);
				PRODUCT_BUNDLE_IDENTIFIER = com.microsoft.OfficeUIFabricTests;
				PRODUCT_NAME = "$(TARGET_NAME)";
				SWIFT_VERSION = 4.0;
				TARGETED_DEVICE_FAMILY = "1,2";
			};
			name = Dogfood;
		};
		A5CEC16320D980B30016922A /* Debug */ = {
			isa = XCBuildConfiguration;
			buildSettings = {
				ALWAYS_SEARCH_USER_PATHS = NO;
				CLANG_ANALYZER_NONNULL = YES;
				CLANG_ANALYZER_NUMBER_OBJECT_CONVERSION = YES_AGGRESSIVE;
				CLANG_CXX_LANGUAGE_STANDARD = "gnu++14";
				CLANG_CXX_LIBRARY = "libc++";
				CLANG_ENABLE_MODULES = YES;
				CLANG_ENABLE_OBJC_ARC = YES;
				CLANG_ENABLE_OBJC_WEAK = YES;
				CLANG_WARN_BLOCK_CAPTURE_AUTORELEASING = YES;
				CLANG_WARN_BOOL_CONVERSION = YES;
				CLANG_WARN_COMMA = YES;
				CLANG_WARN_CONSTANT_CONVERSION = YES;
				CLANG_WARN_DEPRECATED_OBJC_IMPLEMENTATIONS = YES;
				CLANG_WARN_DIRECT_OBJC_ISA_USAGE = YES_ERROR;
				CLANG_WARN_DOCUMENTATION_COMMENTS = YES;
				CLANG_WARN_EMPTY_BODY = YES;
				CLANG_WARN_ENUM_CONVERSION = YES;
				CLANG_WARN_INFINITE_RECURSION = YES;
				CLANG_WARN_INT_CONVERSION = YES;
				CLANG_WARN_NON_LITERAL_NULL_CONVERSION = YES;
				CLANG_WARN_OBJC_IMPLICIT_RETAIN_SELF = YES;
				CLANG_WARN_OBJC_LITERAL_CONVERSION = YES;
				CLANG_WARN_OBJC_ROOT_CLASS = YES_ERROR;
				CLANG_WARN_RANGE_LOOP_ANALYSIS = YES;
				CLANG_WARN_STRICT_PROTOTYPES = YES;
				CLANG_WARN_SUSPICIOUS_MOVE = YES;
				CLANG_WARN_UNGUARDED_AVAILABILITY = YES_AGGRESSIVE;
				CLANG_WARN_UNREACHABLE_CODE = YES;
				CLANG_WARN__DUPLICATE_METHOD_MATCH = YES;
				CODE_SIGN_IDENTITY = "iPhone Developer";
				COPY_PHASE_STRIP = NO;
				CURRENT_PROJECT_VERSION = 1;
				DEBUG_INFORMATION_FORMAT = dwarf;
				ENABLE_STRICT_OBJC_MSGSEND = YES;
				ENABLE_TESTABILITY = YES;
				GCC_C_LANGUAGE_STANDARD = gnu11;
				GCC_DYNAMIC_NO_PIC = NO;
				GCC_NO_COMMON_BLOCKS = YES;
				GCC_OPTIMIZATION_LEVEL = 0;
				GCC_PREPROCESSOR_DEFINITIONS = (
					"DEBUG=1",
					"$(inherited)",
				);
				GCC_WARN_64_TO_32_BIT_CONVERSION = YES;
				GCC_WARN_ABOUT_RETURN_TYPE = YES_ERROR;
				GCC_WARN_UNDECLARED_SELECTOR = YES;
				GCC_WARN_UNINITIALIZED_AUTOS = YES_AGGRESSIVE;
				GCC_WARN_UNUSED_FUNCTION = YES;
				GCC_WARN_UNUSED_VARIABLE = YES;
				IPHONEOS_DEPLOYMENT_TARGET = 10.0;
				MTL_ENABLE_DEBUG_INFO = YES;
				ONLY_ACTIVE_ARCH = YES;
				SDKROOT = iphoneos;
				SWIFT_ACTIVE_COMPILATION_CONDITIONS = DEBUG;
				SWIFT_OPTIMIZATION_LEVEL = "-Onone";
				VERSIONING_SYSTEM = "apple-generic";
				VERSION_INFO_PREFIX = "";
			};
			name = Debug;
		};
		A5CEC16420D980B30016922A /* Release */ = {
			isa = XCBuildConfiguration;
			buildSettings = {
				ALWAYS_SEARCH_USER_PATHS = NO;
				CLANG_ANALYZER_NONNULL = YES;
				CLANG_ANALYZER_NUMBER_OBJECT_CONVERSION = YES_AGGRESSIVE;
				CLANG_CXX_LANGUAGE_STANDARD = "gnu++14";
				CLANG_CXX_LIBRARY = "libc++";
				CLANG_ENABLE_MODULES = YES;
				CLANG_ENABLE_OBJC_ARC = YES;
				CLANG_ENABLE_OBJC_WEAK = YES;
				CLANG_WARN_BLOCK_CAPTURE_AUTORELEASING = YES;
				CLANG_WARN_BOOL_CONVERSION = YES;
				CLANG_WARN_COMMA = YES;
				CLANG_WARN_CONSTANT_CONVERSION = YES;
				CLANG_WARN_DEPRECATED_OBJC_IMPLEMENTATIONS = YES;
				CLANG_WARN_DIRECT_OBJC_ISA_USAGE = YES_ERROR;
				CLANG_WARN_DOCUMENTATION_COMMENTS = YES;
				CLANG_WARN_EMPTY_BODY = YES;
				CLANG_WARN_ENUM_CONVERSION = YES;
				CLANG_WARN_INFINITE_RECURSION = YES;
				CLANG_WARN_INT_CONVERSION = YES;
				CLANG_WARN_NON_LITERAL_NULL_CONVERSION = YES;
				CLANG_WARN_OBJC_IMPLICIT_RETAIN_SELF = YES;
				CLANG_WARN_OBJC_LITERAL_CONVERSION = YES;
				CLANG_WARN_OBJC_ROOT_CLASS = YES_ERROR;
				CLANG_WARN_RANGE_LOOP_ANALYSIS = YES;
				CLANG_WARN_STRICT_PROTOTYPES = YES;
				CLANG_WARN_SUSPICIOUS_MOVE = YES;
				CLANG_WARN_UNGUARDED_AVAILABILITY = YES_AGGRESSIVE;
				CLANG_WARN_UNREACHABLE_CODE = YES;
				CLANG_WARN__DUPLICATE_METHOD_MATCH = YES;
				CODE_SIGN_IDENTITY = "iPhone Developer";
				COPY_PHASE_STRIP = NO;
				CURRENT_PROJECT_VERSION = 1;
				DEBUG_INFORMATION_FORMAT = "dwarf-with-dsym";
				ENABLE_NS_ASSERTIONS = NO;
				ENABLE_STRICT_OBJC_MSGSEND = YES;
				GCC_C_LANGUAGE_STANDARD = gnu11;
				GCC_NO_COMMON_BLOCKS = YES;
				GCC_WARN_64_TO_32_BIT_CONVERSION = YES;
				GCC_WARN_ABOUT_RETURN_TYPE = YES_ERROR;
				GCC_WARN_UNDECLARED_SELECTOR = YES;
				GCC_WARN_UNINITIALIZED_AUTOS = YES_AGGRESSIVE;
				GCC_WARN_UNUSED_FUNCTION = YES;
				GCC_WARN_UNUSED_VARIABLE = YES;
				IPHONEOS_DEPLOYMENT_TARGET = 10.0;
				MTL_ENABLE_DEBUG_INFO = NO;
				SDKROOT = iphoneos;
				SWIFT_COMPILATION_MODE = wholemodule;
				SWIFT_OPTIMIZATION_LEVEL = "-O";
				VALIDATE_PRODUCT = YES;
				VERSIONING_SYSTEM = "apple-generic";
				VERSION_INFO_PREFIX = "";
			};
			name = Release;
		};
		A5CEC16620D980B30016922A /* Debug */ = {
			isa = XCBuildConfiguration;
			buildSettings = {
				CLANG_ENABLE_MODULES = YES;
				CODE_SIGN_IDENTITY = "";
				CODE_SIGN_STYLE = Automatic;
				DEFINES_MODULE = YES;
				DEVELOPMENT_TEAM = UBF8T346G9;
				DYLIB_COMPATIBILITY_VERSION = 1;
				DYLIB_CURRENT_VERSION = 1;
				DYLIB_INSTALL_NAME_BASE = "@rpath";
				INFOPLIST_FILE = OfficeUIFabric/Info.plist;
				INSTALL_PATH = "$(LOCAL_LIBRARY_DIR)/Frameworks";
				LD_RUNPATH_SEARCH_PATHS = (
					"$(inherited)",
					"@executable_path/Frameworks",
					"@loader_path/Frameworks",
				);
				PRODUCT_BUNDLE_IDENTIFIER = com.microsoft.OfficeUIFabric;
				PRODUCT_NAME = "$(TARGET_NAME:c99extidentifier)";
				SKIP_INSTALL = YES;
				SWIFT_OPTIMIZATION_LEVEL = "-Onone";
				SWIFT_VERSION = 4.0;
				TARGETED_DEVICE_FAMILY = "1,2";
			};
			name = Debug;
		};
		A5CEC16720D980B30016922A /* Release */ = {
			isa = XCBuildConfiguration;
			buildSettings = {
				CLANG_ENABLE_MODULES = YES;
				CODE_SIGN_IDENTITY = "";
				CODE_SIGN_STYLE = Automatic;
				DEFINES_MODULE = YES;
				DEVELOPMENT_TEAM = UBF8T346G9;
				DYLIB_COMPATIBILITY_VERSION = 1;
				DYLIB_CURRENT_VERSION = 1;
				DYLIB_INSTALL_NAME_BASE = "@rpath";
				INFOPLIST_FILE = OfficeUIFabric/Info.plist;
				INSTALL_PATH = "$(LOCAL_LIBRARY_DIR)/Frameworks";
				LD_RUNPATH_SEARCH_PATHS = (
					"$(inherited)",
					"@executable_path/Frameworks",
					"@loader_path/Frameworks",
				);
				PRODUCT_BUNDLE_IDENTIFIER = com.microsoft.OfficeUIFabric;
				PRODUCT_NAME = "$(TARGET_NAME:c99extidentifier)";
				SKIP_INSTALL = YES;
				SWIFT_VERSION = 4.0;
				TARGETED_DEVICE_FAMILY = "1,2";
			};
			name = Release;
		};
		A5CEC16920D980B30016922A /* Debug */ = {
			isa = XCBuildConfiguration;
			buildSettings = {
				ALWAYS_EMBED_SWIFT_STANDARD_LIBRARIES = YES;
				CODE_SIGN_STYLE = Automatic;
				DEVELOPMENT_TEAM = UBF8T346G9;
				INFOPLIST_FILE = OfficeUIFabric.Tests/Info.plist;
				LD_RUNPATH_SEARCH_PATHS = (
					"$(inherited)",
					"@executable_path/Frameworks",
					"@loader_path/Frameworks",
				);
				PRODUCT_BUNDLE_IDENTIFIER = com.microsoft.OfficeUIFabricTests;
				PRODUCT_NAME = "$(TARGET_NAME)";
				SWIFT_VERSION = 4.0;
				TARGETED_DEVICE_FAMILY = "1,2";
			};
			name = Debug;
		};
		A5CEC16A20D980B30016922A /* Release */ = {
			isa = XCBuildConfiguration;
			buildSettings = {
				ALWAYS_EMBED_SWIFT_STANDARD_LIBRARIES = YES;
				CODE_SIGN_STYLE = Automatic;
				DEVELOPMENT_TEAM = UBF8T346G9;
				INFOPLIST_FILE = OfficeUIFabric.Tests/Info.plist;
				LD_RUNPATH_SEARCH_PATHS = (
					"$(inherited)",
					"@executable_path/Frameworks",
					"@loader_path/Frameworks",
				);
				PRODUCT_BUNDLE_IDENTIFIER = com.microsoft.OfficeUIFabricTests;
				PRODUCT_NAME = "$(TARGET_NAME)";
				SWIFT_VERSION = 4.0;
				TARGETED_DEVICE_FAMILY = "1,2";
			};
			name = Release;
		};
/* End XCBuildConfiguration section */

/* Begin XCConfigurationList section */
		A5CEC14B20D980B20016922A /* Build configuration list for PBXProject "OfficeUIFabric" */ = {
			isa = XCConfigurationList;
			buildConfigurations = (
				A5CEC16320D980B30016922A /* Debug */,
				A5CEC16420D980B30016922A /* Release */,
				A52B637B2138745C009F7ADF /* Dogfood */,
			);
			defaultConfigurationIsVisible = 0;
			defaultConfigurationName = Release;
		};
		A5CEC16520D980B30016922A /* Build configuration list for PBXNativeTarget "OfficeUIFabric" */ = {
			isa = XCConfigurationList;
			buildConfigurations = (
				A5CEC16620D980B30016922A /* Debug */,
				A5CEC16720D980B30016922A /* Release */,
				A52B637C2138745C009F7ADF /* Dogfood */,
			);
			defaultConfigurationIsVisible = 0;
			defaultConfigurationName = Release;
		};
		A5CEC16820D980B30016922A /* Build configuration list for PBXNativeTarget "OfficeUIFabricTests" */ = {
			isa = XCConfigurationList;
			buildConfigurations = (
				A5CEC16920D980B30016922A /* Debug */,
				A5CEC16A20D980B30016922A /* Release */,
				A52B637D2138745C009F7ADF /* Dogfood */,
			);
			defaultConfigurationIsVisible = 0;
			defaultConfigurationName = Release;
		};
/* End XCConfigurationList section */
	};
	rootObject = A5CEC14820D980B20016922A /* Project object */;
}
