// !$*UTF8*$!
{
	archiveVersion = 1;
	classes = {
	};
	objectVersion = 50;
	objects = {

/* Begin PBXBuildFile section */
		80117A7F22DCDF6F00813D59 /* CalendarView.swift in Sources */ = {isa = PBXBuildFile; fileRef = 80117A7E22DCDF6F00813D59 /* CalendarView.swift */; };
		80117A8322E0E63E00813D59 /* CalendarHeaderView.swift in Sources */ = {isa = PBXBuildFile; fileRef = 80117A8222E0E63E00813D59 /* CalendarHeaderView.swift */; };
		804626C222D7905200AFA48C /* CenteredTextLayer.swift in Sources */ = {isa = PBXBuildFile; fileRef = 804626C122D7905200AFA48C /* CenteredTextLayer.swift */; };
		804626C622D7908100AFA48C /* CalendarDayButton.swift in Sources */ = {isa = PBXBuildFile; fileRef = 804626C522D7908100AFA48C /* CalendarDayButton.swift */; };
		807EA70822DCEE940064FD47 /* DatePickerScrollView.swift in Sources */ = {isa = PBXBuildFile; fileRef = 807EA70722DCEE940064FD47 /* DatePickerScrollView.swift */; };
		8F250B8B22B3045100142B0E /* AvatarView.swift in Sources */ = {isa = PBXBuildFile; fileRef = 8F250B8A22B3045100142B0E /* AvatarView.swift */; };
		8F250B8D22B3062A00142B0E /* TestAvatarViewController.swift in Sources */ = {isa = PBXBuildFile; fileRef = 8F250B8C22B3062A00142B0E /* TestAvatarViewController.swift */; };
		8F5368052295F4BF0098AC8F /* AppDelegate.swift in Sources */ = {isa = PBXBuildFile; fileRef = 8F5368042295F4BF0098AC8F /* AppDelegate.swift */; };
		8F5368072295F4C10098AC8F /* Assets.xcassets in Resources */ = {isa = PBXBuildFile; fileRef = 8F5368062295F4C10098AC8F /* Assets.xcassets */; };
		8F53680A2295F4C10098AC8F /* MainMenu.xib in Resources */ = {isa = PBXBuildFile; fileRef = 8F5368082295F4C10098AC8F /* MainMenu.xib */; };
		E61C96BC2295E8D60006561F /* OfficeUIFabric.framework in Frameworks */ = {isa = PBXBuildFile; fileRef = E61C96B22295E8D60006561F /* OfficeUIFabric.framework */; };
		E61C96C12295E8D60006561F /* AvatarViewTests.swift in Sources */ = {isa = PBXBuildFile; fileRef = E61C96C02295E8D60006561F /* AvatarViewTests.swift */; };
		E61C96CC2295EAC50006561F /* OfficeUIFabric.h in Headers */ = {isa = PBXBuildFile; fileRef = E61C96B52295E8D60006561F /* OfficeUIFabric.h */; settings = {ATTRIBUTES = (Public, ); }; };
		E61C96D322962BC20006561F /* TestControlsViewController.swift in Sources */ = {isa = PBXBuildFile; fileRef = E61C96D222962BC20006561F /* TestControlsViewController.swift */; };
		E61C96D52298665F0006561F /* TestPlaceholderViewController.swift in Sources */ = {isa = PBXBuildFile; fileRef = E61C96D42298665F0006561F /* TestPlaceholderViewController.swift */; };
		E61C96D722987B3C0006561F /* TestHoverButtonViewController.swift in Sources */ = {isa = PBXBuildFile; fileRef = E61C96D622987B3C0006561F /* TestHoverButtonViewController.swift */; };
/* End PBXBuildFile section */

/* Begin PBXContainerItemProxy section */
		8F69C7B3229604A8009F69C0 /* PBXContainerItemProxy */ = {
			isa = PBXContainerItemProxy;
			containerPortal = E61C96A92295E8D60006561F /* Project object */;
			proxyType = 1;
			remoteGlobalIDString = E61C96B12295E8D60006561F;
			remoteInfo = OfficeUIFabric;
		};
		E61C96BD2295E8D60006561F /* PBXContainerItemProxy */ = {
			isa = PBXContainerItemProxy;
			containerPortal = E61C96A92295E8D60006561F /* Project object */;
			proxyType = 1;
			remoteGlobalIDString = E61C96B12295E8D60006561F;
			remoteInfo = OfficeUIFabric;
		};
/* End PBXContainerItemProxy section */

/* Begin PBXFileReference section */
		80117A7E22DCDF6F00813D59 /* CalendarView.swift */ = {isa = PBXFileReference; fileEncoding = 4; lastKnownFileType = sourcecode.swift; path = CalendarView.swift; sourceTree = "<group>"; };
		80117A8222E0E63E00813D59 /* CalendarHeaderView.swift */ = {isa = PBXFileReference; fileEncoding = 4; lastKnownFileType = sourcecode.swift; path = CalendarHeaderView.swift; sourceTree = "<group>"; };
		804626C122D7905200AFA48C /* CenteredTextLayer.swift */ = {isa = PBXFileReference; fileEncoding = 4; lastKnownFileType = sourcecode.swift; path = CenteredTextLayer.swift; sourceTree = "<group>"; };
		804626C522D7908100AFA48C /* CalendarDayButton.swift */ = {isa = PBXFileReference; fileEncoding = 4; lastKnownFileType = sourcecode.swift; path = CalendarDayButton.swift; sourceTree = "<group>"; };
		807EA70722DCEE940064FD47 /* DatePickerScrollView.swift */ = {isa = PBXFileReference; fileEncoding = 4; lastKnownFileType = sourcecode.swift; path = DatePickerScrollView.swift; sourceTree = "<group>"; };
		8F250B8A22B3045100142B0E /* AvatarView.swift */ = {isa = PBXFileReference; lastKnownFileType = sourcecode.swift; path = AvatarView.swift; sourceTree = "<group>"; };
		8F250B8C22B3062A00142B0E /* TestAvatarViewController.swift */ = {isa = PBXFileReference; lastKnownFileType = sourcecode.swift; path = TestAvatarViewController.swift; sourceTree = "<group>"; };
		8F5368022295F4BF0098AC8F /* OfficeUIFabricTestApp.app */ = {isa = PBXFileReference; explicitFileType = wrapper.application; includeInIndex = 0; path = OfficeUIFabricTestApp.app; sourceTree = BUILT_PRODUCTS_DIR; };
		8F5368042295F4BF0098AC8F /* AppDelegate.swift */ = {isa = PBXFileReference; lastKnownFileType = sourcecode.swift; path = AppDelegate.swift; sourceTree = "<group>"; };
		8F5368062295F4C10098AC8F /* Assets.xcassets */ = {isa = PBXFileReference; lastKnownFileType = folder.assetcatalog; path = Assets.xcassets; sourceTree = "<group>"; };
		8F5368092295F4C10098AC8F /* Base */ = {isa = PBXFileReference; lastKnownFileType = file.xib; name = Base; path = Base.lproj/MainMenu.xib; sourceTree = "<group>"; };
		8F53680B2295F4C10098AC8F /* OfficeUIFabricTestApp-Info.plist */ = {isa = PBXFileReference; lastKnownFileType = text.plist.xml; path = "OfficeUIFabricTestApp-Info.plist"; sourceTree = "<group>"; };
		8F69C7B22295FABD009F69C0 /* OfficeUIFabric_testapp.xcconfig */ = {isa = PBXFileReference; lastKnownFileType = text.xcconfig; path = OfficeUIFabric_testapp.xcconfig; sourceTree = "<group>"; };
		8F931A6C22BD593300311764 /* OfficeUIFabric_unittest.xcconfig */ = {isa = PBXFileReference; lastKnownFileType = text.xcconfig; path = OfficeUIFabric_unittest.xcconfig; sourceTree = "<group>"; };
		E61C96B22295E8D60006561F /* OfficeUIFabric.framework */ = {isa = PBXFileReference; explicitFileType = wrapper.framework; includeInIndex = 0; path = OfficeUIFabric.framework; sourceTree = BUILT_PRODUCTS_DIR; };
		E61C96B52295E8D60006561F /* OfficeUIFabric.h */ = {isa = PBXFileReference; lastKnownFileType = sourcecode.c.h; path = OfficeUIFabric.h; sourceTree = "<group>"; };
		E61C96B62295E8D60006561F /* OfficeUIFabric-Info.plist */ = {isa = PBXFileReference; lastKnownFileType = text.plist.xml; path = "OfficeUIFabric-Info.plist"; sourceTree = "<group>"; };
		E61C96BB2295E8D60006561F /* OfficeUIFabricUnitTests.xctest */ = {isa = PBXFileReference; explicitFileType = wrapper.cfbundle; includeInIndex = 0; path = OfficeUIFabricUnitTests.xctest; sourceTree = BUILT_PRODUCTS_DIR; };
		E61C96C02295E8D60006561F /* AvatarViewTests.swift */ = {isa = PBXFileReference; lastKnownFileType = sourcecode.swift; path = AvatarViewTests.swift; sourceTree = "<group>"; };
		E61C96C22295E8D60006561F /* OfficeUIFabricUnitTest-Info.plist */ = {isa = PBXFileReference; lastKnownFileType = text.plist; name = "OfficeUIFabricUnitTest-Info.plist"; path = "../OfficeUIFabricUnitTest/OfficeUIFabricUnitTest-Info.plist"; sourceTree = "<group>"; };
		E61C96CE2295ED8A0006561F /* OfficeUIFabric_framework.xcconfig */ = {isa = PBXFileReference; lastKnownFileType = text.xcconfig; path = OfficeUIFabric_framework.xcconfig; sourceTree = "<group>"; };
		E61C96CF2295F6FE0006561F /* OfficeUIFabric_common.xcconfig */ = {isa = PBXFileReference; lastKnownFileType = text.xcconfig; path = OfficeUIFabric_common.xcconfig; sourceTree = "<group>"; };
		E61C96D02295FA360006561F /* OfficeUIFabric_debug.xcconfig */ = {isa = PBXFileReference; lastKnownFileType = text.xcconfig; path = OfficeUIFabric_debug.xcconfig; sourceTree = "<group>"; };
		E61C96D12295FA4E0006561F /* OfficeUIFabric_release.xcconfig */ = {isa = PBXFileReference; lastKnownFileType = text.xcconfig; path = OfficeUIFabric_release.xcconfig; sourceTree = "<group>"; };
		E61C96D222962BC20006561F /* TestControlsViewController.swift */ = {isa = PBXFileReference; lastKnownFileType = sourcecode.swift; path = TestControlsViewController.swift; sourceTree = "<group>"; };
		E61C96D42298665F0006561F /* TestPlaceholderViewController.swift */ = {isa = PBXFileReference; lastKnownFileType = sourcecode.swift; path = TestPlaceholderViewController.swift; sourceTree = "<group>"; };
		E61C96D622987B3C0006561F /* TestHoverButtonViewController.swift */ = {isa = PBXFileReference; lastKnownFileType = sourcecode.swift; path = TestHoverButtonViewController.swift; sourceTree = "<group>"; };
/* End PBXFileReference section */

/* Begin PBXFrameworksBuildPhase section */
		8F5367FF2295F4BF0098AC8F /* Frameworks */ = {
			isa = PBXFrameworksBuildPhase;
			buildActionMask = 2147483647;
			files = (
			);
			runOnlyForDeploymentPostprocessing = 0;
		};
		E61C96AF2295E8D60006561F /* Frameworks */ = {
			isa = PBXFrameworksBuildPhase;
			buildActionMask = 2147483647;
			files = (
			);
			runOnlyForDeploymentPostprocessing = 0;
		};
		E61C96B82295E8D60006561F /* Frameworks */ = {
			isa = PBXFrameworksBuildPhase;
			buildActionMask = 2147483647;
			files = (
				E61C96BC2295E8D60006561F /* OfficeUIFabric.framework in Frameworks */,
			);
			runOnlyForDeploymentPostprocessing = 0;
		};
/* End PBXFrameworksBuildPhase section */

/* Begin PBXGroup section */
		804626C722D7909200AFA48C /* Date Picker */ = {
			isa = PBXGroup;
			children = (
				807EA70722DCEE940064FD47 /* DatePickerScrollView.swift */,
				80117A7E22DCDF6F00813D59 /* CalendarView.swift */,
				80117A8222E0E63E00813D59 /* CalendarHeaderView.swift */,
				804626C522D7908100AFA48C /* CalendarDayButton.swift */,
				804626C122D7905200AFA48C /* CenteredTextLayer.swift */,
			);
			path = "Date Picker";
			sourceTree = "<group>";
		};
		8F5368032295F4BF0098AC8F /* OfficeUIFabricTestApp */ = {
			isa = PBXGroup;
			children = (
				8F5368042295F4BF0098AC8F /* AppDelegate.swift */,
				8F250B8C22B3062A00142B0E /* TestAvatarViewController.swift */,
				E61C96D222962BC20006561F /* TestControlsViewController.swift */,
				E61C96D622987B3C0006561F /* TestHoverButtonViewController.swift */,
				E61C96D42298665F0006561F /* TestPlaceholderViewController.swift */,
				8F5368062295F4C10098AC8F /* Assets.xcassets */,
				8F5368082295F4C10098AC8F /* MainMenu.xib */,
				8F53680B2295F4C10098AC8F /* OfficeUIFabricTestApp-Info.plist */,
			);
			name = OfficeUIFabricTestApp;
			path = ../OfficeUIFabricTestApp;
			sourceTree = "<group>";
		};
		E61C96A82295E8D60006561F = {
			isa = PBXGroup;
			children = (
				E61C96B42295E8D60006561F /* OfficeUIFabric */,
				E61C96BF2295E8D60006561F /* OfficeUIFabricUnitTest */,
				8F5368032295F4BF0098AC8F /* OfficeUIFabricTestApp */,
				E61C96CD2295ED530006561F /* xcode */,
				E61C96B32295E8D60006561F /* Products */,
			);
			sourceTree = "<group>";
		};
		E61C96B32295E8D60006561F /* Products */ = {
			isa = PBXGroup;
			children = (
				E61C96B22295E8D60006561F /* OfficeUIFabric.framework */,
				E61C96BB2295E8D60006561F /* OfficeUIFabricUnitTests.xctest */,
				8F5368022295F4BF0098AC8F /* OfficeUIFabricTestApp.app */,
			);
			name = Products;
			sourceTree = "<group>";
		};
		E61C96B42295E8D60006561F /* OfficeUIFabric */ = {
			isa = PBXGroup;
			children = (
				804626C722D7909200AFA48C /* Date Picker */,
				8F250B8A22B3045100142B0E /* AvatarView.swift */,
				E61C96B52295E8D60006561F /* OfficeUIFabric.h */,
				E61C96B62295E8D60006561F /* OfficeUIFabric-Info.plist */,
			);
			name = OfficeUIFabric;
			path = ../OfficeUIFabric;
			sourceTree = "<group>";
		};
		E61C96BF2295E8D60006561F /* OfficeUIFabricUnitTest */ = {
			isa = PBXGroup;
			children = (
				E61C96C02295E8D60006561F /* AvatarViewTests.swift */,
				E61C96C22295E8D60006561F /* OfficeUIFabricUnitTest-Info.plist */,
			);
			name = OfficeUIFabricUnitTest;
			path = ../OfficeUIFabricUnitTest;
			sourceTree = "<group>";
		};
		E61C96CD2295ED530006561F /* xcode */ = {
			isa = PBXGroup;
			children = (
				E61C96CF2295F6FE0006561F /* OfficeUIFabric_common.xcconfig */,
				E61C96D02295FA360006561F /* OfficeUIFabric_debug.xcconfig */,
				E61C96CE2295ED8A0006561F /* OfficeUIFabric_framework.xcconfig */,
				E61C96D12295FA4E0006561F /* OfficeUIFabric_release.xcconfig */,
				8F69C7B22295FABD009F69C0 /* OfficeUIFabric_testapp.xcconfig */,
				8F931A6C22BD593300311764 /* OfficeUIFabric_unittest.xcconfig */,
			);
			name = xcode;
			sourceTree = "<group>";
		};
/* End PBXGroup section */

/* Begin PBXHeadersBuildPhase section */
		E61C96AD2295E8D60006561F /* Headers */ = {
			isa = PBXHeadersBuildPhase;
			buildActionMask = 2147483647;
			files = (
				E61C96CC2295EAC50006561F /* OfficeUIFabric.h in Headers */,
			);
			runOnlyForDeploymentPostprocessing = 0;
		};
/* End PBXHeadersBuildPhase section */

/* Begin PBXNativeTarget section */
		8F5368012295F4BF0098AC8F /* OfficeUIFabricTestApp */ = {
			isa = PBXNativeTarget;
			buildConfigurationList = 8F53680F2295F4C10098AC8F /* Build configuration list for PBXNativeTarget "OfficeUIFabricTestApp" */;
			buildPhases = (
				8F5367FE2295F4BF0098AC8F /* Sources */,
				8F5367FF2295F4BF0098AC8F /* Frameworks */,
				8F5368002295F4BF0098AC8F /* Resources */,
			);
			buildRules = (
			);
			dependencies = (
				8F69C7B4229604A8009F69C0 /* PBXTargetDependency */,
			);
			name = OfficeUIFabricTestApp;
			productName = OfficeUIFabricTestApp;
			productReference = 8F5368022295F4BF0098AC8F /* OfficeUIFabricTestApp.app */;
			productType = "com.apple.product-type.application";
		};
		E61C96B12295E8D60006561F /* OfficeUIFabric */ = {
			isa = PBXNativeTarget;
			buildConfigurationList = E61C96C62295E8D60006561F /* Build configuration list for PBXNativeTarget "OfficeUIFabric" */;
			buildPhases = (
				E61C96AD2295E8D60006561F /* Headers */,
				E61C96AE2295E8D60006561F /* Sources */,
				E61C96AF2295E8D60006561F /* Frameworks */,
				E61C96B02295E8D60006561F /* Resources */,
			);
			buildRules = (
			);
			dependencies = (
			);
			name = OfficeUIFabric;
			productName = OfficeUIFabric;
			productReference = E61C96B22295E8D60006561F /* OfficeUIFabric.framework */;
			productType = "com.apple.product-type.framework";
		};
		E61C96BA2295E8D60006561F /* OfficeUIFabricTests */ = {
			isa = PBXNativeTarget;
			buildConfigurationList = E61C96C92295E8D60006561F /* Build configuration list for PBXNativeTarget "OfficeUIFabricTests" */;
			buildPhases = (
				E61C96B72295E8D60006561F /* Sources */,
				E61C96B82295E8D60006561F /* Frameworks */,
				E61C96B92295E8D60006561F /* Resources */,
			);
			buildRules = (
			);
			dependencies = (
				E61C96BE2295E8D60006561F /* PBXTargetDependency */,
			);
			name = OfficeUIFabricTests;
			productName = OfficeUIFabricTests;
			productReference = E61C96BB2295E8D60006561F /* OfficeUIFabricUnitTests.xctest */;
			productType = "com.apple.product-type.bundle.unit-test";
		};
/* End PBXNativeTarget section */

/* Begin PBXProject section */
		E61C96A92295E8D60006561F /* Project object */ = {
			isa = PBXProject;
			attributes = {
				LastSwiftUpdateCheck = 1020;
				LastUpgradeCheck = 1020;
				ORGANIZATIONNAME = "Microsoft Corporation";
				TargetAttributes = {
					8F5368012295F4BF0098AC8F = {
						CreatedOnToolsVersion = 10.2.1;
					};
					E61C96B12295E8D60006561F = {
						CreatedOnToolsVersion = 10.2.1;
						LastSwiftMigration = 1020;
					};
					E61C96BA2295E8D60006561F = {
						CreatedOnToolsVersion = 10.2.1;
					};
				};
			};
			buildConfigurationList = E61C96AC2295E8D60006561F /* Build configuration list for PBXProject "OfficeUIFabric" */;
			compatibilityVersion = "Xcode 9.3";
			developmentRegion = en;
			hasScannedForEncodings = 0;
			knownRegions = (
				en,
				Base,
			);
			mainGroup = E61C96A82295E8D60006561F;
			productRefGroup = E61C96B32295E8D60006561F /* Products */;
			projectDirPath = "";
			projectRoot = "";
			targets = (
				E61C96B12295E8D60006561F /* OfficeUIFabric */,
				E61C96BA2295E8D60006561F /* OfficeUIFabricTests */,
				8F5368012295F4BF0098AC8F /* OfficeUIFabricTestApp */,
			);
		};
/* End PBXProject section */

/* Begin PBXResourcesBuildPhase section */
		8F5368002295F4BF0098AC8F /* Resources */ = {
			isa = PBXResourcesBuildPhase;
			buildActionMask = 2147483647;
			files = (
				8F5368072295F4C10098AC8F /* Assets.xcassets in Resources */,
				8F53680A2295F4C10098AC8F /* MainMenu.xib in Resources */,
			);
			runOnlyForDeploymentPostprocessing = 0;
		};
		E61C96B02295E8D60006561F /* Resources */ = {
			isa = PBXResourcesBuildPhase;
			buildActionMask = 2147483647;
			files = (
			);
			runOnlyForDeploymentPostprocessing = 0;
		};
		E61C96B92295E8D60006561F /* Resources */ = {
			isa = PBXResourcesBuildPhase;
			buildActionMask = 2147483647;
			files = (
			);
			runOnlyForDeploymentPostprocessing = 0;
		};
/* End PBXResourcesBuildPhase section */

/* Begin PBXSourcesBuildPhase section */
		8F5367FE2295F4BF0098AC8F /* Sources */ = {
			isa = PBXSourcesBuildPhase;
			buildActionMask = 2147483647;
			files = (
				E61C96D52298665F0006561F /* TestPlaceholderViewController.swift in Sources */,
				E61C96D722987B3C0006561F /* TestHoverButtonViewController.swift in Sources */,
				E61C96D322962BC20006561F /* TestControlsViewController.swift in Sources */,
				8F5368052295F4BF0098AC8F /* AppDelegate.swift in Sources */,
				8F250B8D22B3062A00142B0E /* TestAvatarViewController.swift in Sources */,
			);
			runOnlyForDeploymentPostprocessing = 0;
		};
		E61C96AE2295E8D60006561F /* Sources */ = {
			isa = PBXSourcesBuildPhase;
			buildActionMask = 2147483647;
			files = (
				804626C622D7908100AFA48C /* CalendarDayButton.swift in Sources */,
				80117A8322E0E63E00813D59 /* CalendarHeaderView.swift in Sources */,
				804626C222D7905200AFA48C /* CenteredTextLayer.swift in Sources */,
				80117A7F22DCDF6F00813D59 /* CalendarView.swift in Sources */,
				8F250B8B22B3045100142B0E /* AvatarView.swift in Sources */,
				807EA70822DCEE940064FD47 /* DatePickerScrollView.swift in Sources */,
			);
			runOnlyForDeploymentPostprocessing = 0;
		};
		E61C96B72295E8D60006561F /* Sources */ = {
			isa = PBXSourcesBuildPhase;
			buildActionMask = 2147483647;
			files = (
				E61C96C12295E8D60006561F /* AvatarViewTests.swift in Sources */,
			);
			runOnlyForDeploymentPostprocessing = 0;
		};
/* End PBXSourcesBuildPhase section */

/* Begin PBXTargetDependency section */
		8F69C7B4229604A8009F69C0 /* PBXTargetDependency */ = {
			isa = PBXTargetDependency;
			target = E61C96B12295E8D60006561F /* OfficeUIFabric */;
			targetProxy = 8F69C7B3229604A8009F69C0 /* PBXContainerItemProxy */;
		};
		E61C96BE2295E8D60006561F /* PBXTargetDependency */ = {
			isa = PBXTargetDependency;
			target = E61C96B12295E8D60006561F /* OfficeUIFabric */;
			targetProxy = E61C96BD2295E8D60006561F /* PBXContainerItemProxy */;
		};
/* End PBXTargetDependency section */

/* Begin PBXVariantGroup section */
		8F5368082295F4C10098AC8F /* MainMenu.xib */ = {
			isa = PBXVariantGroup;
			children = (
				8F5368092295F4C10098AC8F /* Base */,
			);
			name = MainMenu.xib;
			sourceTree = "<group>";
		};
/* End PBXVariantGroup section */

/* Begin XCBuildConfiguration section */
		8F53680D2295F4C10098AC8F /* Debug */ = {
			isa = XCBuildConfiguration;
			baseConfigurationReference = 8F69C7B22295FABD009F69C0 /* OfficeUIFabric_testapp.xcconfig */;
			buildSettings = {
			};
			name = Debug;
		};
		8F53680E2295F4C10098AC8F /* Release */ = {
			isa = XCBuildConfiguration;
			baseConfigurationReference = 8F69C7B22295FABD009F69C0 /* OfficeUIFabric_testapp.xcconfig */;
			buildSettings = {
			};
			name = Release;
		};
		E61C96C42295E8D60006561F /* Debug */ = {
			isa = XCBuildConfiguration;
			baseConfigurationReference = E61C96D02295FA360006561F /* OfficeUIFabric_debug.xcconfig */;
			buildSettings = {
			};
			name = Debug;
		};
		E61C96C52295E8D60006561F /* Release */ = {
			isa = XCBuildConfiguration;
			baseConfigurationReference = E61C96D12295FA4E0006561F /* OfficeUIFabric_release.xcconfig */;
			buildSettings = {
			};
			name = Release;
		};
		E61C96C72295E8D60006561F /* Debug */ = {
			isa = XCBuildConfiguration;
			baseConfigurationReference = E61C96CE2295ED8A0006561F /* OfficeUIFabric_framework.xcconfig */;
			buildSettings = {
			};
			name = Debug;
		};
		E61C96C82295E8D60006561F /* Release */ = {
			isa = XCBuildConfiguration;
			baseConfigurationReference = E61C96CE2295ED8A0006561F /* OfficeUIFabric_framework.xcconfig */;
			buildSettings = {
			};
			name = Release;
		};
		E61C96CA2295E8D60006561F /* Debug */ = {
			isa = XCBuildConfiguration;
			baseConfigurationReference = 8F931A6C22BD593300311764 /* OfficeUIFabric_unittest.xcconfig */;
			buildSettings = {
			};
			name = Debug;
		};
		E61C96CB2295E8D60006561F /* Release */ = {
			isa = XCBuildConfiguration;
			baseConfigurationReference = 8F931A6C22BD593300311764 /* OfficeUIFabric_unittest.xcconfig */;
			buildSettings = {
			};
			name = Release;
		};
/* End XCBuildConfiguration section */

/* Begin XCConfigurationList section */
		8F53680F2295F4C10098AC8F /* Build configuration list for PBXNativeTarget "OfficeUIFabricTestApp" */ = {
			isa = XCConfigurationList;
			buildConfigurations = (
				8F53680D2295F4C10098AC8F /* Debug */,
				8F53680E2295F4C10098AC8F /* Release */,
			);
			defaultConfigurationIsVisible = 0;
			defaultConfigurationName = Release;
		};
		E61C96AC2295E8D60006561F /* Build configuration list for PBXProject "OfficeUIFabric" */ = {
			isa = XCConfigurationList;
			buildConfigurations = (
				E61C96C42295E8D60006561F /* Debug */,
				E61C96C52295E8D60006561F /* Release */,
			);
			defaultConfigurationIsVisible = 0;
			defaultConfigurationName = Release;
		};
		E61C96C62295E8D60006561F /* Build configuration list for PBXNativeTarget "OfficeUIFabric" */ = {
			isa = XCConfigurationList;
			buildConfigurations = (
				E61C96C72295E8D60006561F /* Debug */,
				E61C96C82295E8D60006561F /* Release */,
			);
			defaultConfigurationIsVisible = 0;
			defaultConfigurationName = Release;
		};
		E61C96C92295E8D60006561F /* Build configuration list for PBXNativeTarget "OfficeUIFabricTests" */ = {
			isa = XCConfigurationList;
			buildConfigurations = (
				E61C96CA2295E8D60006561F /* Debug */,
				E61C96CB2295E8D60006561F /* Release */,
			);
			defaultConfigurationIsVisible = 0;
			defaultConfigurationName = Release;
		};
/* End XCConfigurationList section */
	};
	rootObject = E61C96A92295E8D60006561F /* Project object */;
}
