PODS:
  - AppCenter (3.1.0):
    - AppCenter/Analytics (= 3.1.0)
    - AppCenter/Crashes (= 3.1.0)
  - AppCenter/Analytics (3.1.0):
    - AppCenter/Core
  - AppCenter/Core (3.1.0)
  - AppCenter/Crashes (3.1.0):
    - AppCenter/Core
  - AppCenter/Distribute (3.1.0):
    - AppCenter/Core

DEPENDENCIES:
  - AppCenter
  - AppCenter/Distribute

SPEC REPOS:
  trunk:
    - AppCenter

SPEC CHECKSUMS:
  AppCenter: a1c30c47b7882a04a615ffa5ab26c007326436d8

PODFILE CHECKSUM: dc7a67129ab07c110560d6d50ff2950247c1399a

COCOAPODS: 1.11.2
