{
  "object": {
    "pins": [
      {
        "package": "AppCenter",
        "repositoryURL": "https://github.com/microsoft/appcenter-sdk-apple.git",
        "state": {
          "branch": null,
          "revision": "013bffe628b49433d7bc334146a4ed8c507c0e32",
          "version": "4.1.1"
        }
      },
      {
        "package": "PLCrashReporter",
        "repositoryURL": "https://github.com/microsoft/PLCrashReporter.git",
        "state": {
          "branch": null,
          "revision": "de6b8f9db4b2a0aa859a5507550a70548e4da936",
          "version": "1.8.1"
        }
      }
    ]
  },
  "version": 1
}
